github.com/yayuyokitano/kitaipu v0.0.0-20220303185045-4cd49fd9397d h1:mcJJm2pLJ+mYLC4/P6IlOMgVE3JGDczJm62xdwjE+eg=
github.com/yayuyokitano/kitaipu v0.0.0-20220303185045-4cd49fd9397d/go.mod h1:lEw6ZwSV4VXdMsYmqEIhWWUqZWbAnTfkBwnHVY4bnb0=
github.com/yayuyokitano/kitaipu v0.0.0-20220305043952-d9ef4d4bd5de h1:3M66Zp1y6xjnREpoCp9w4rv9roBdhhheq98b/VnDjv8=
github.com/yayuyokitano/kitaipu v0.0.0-20220305043952-d9ef4d4bd5de/go.mod h1:lEw6ZwSV4VXdMsYmqEIhWWUqZWbAnTfkBwnHVY4bnb0=
github.com/yayuyokitano/kitaipu v0.0.0-20220305064536-f541788b30eb h1:7e8guHoP0M8pIBiqsFMzVxU5PDdhx4zjb0uUWqIEL4k=
github.com/yayuyokitano/kitaipu v0.0.0-20220305064536-f541788b30eb/go.mod h1:lEw6ZwSV4VXdMsYmqEIhWWUqZWbAnTfkBwnHVY4bnb0=
github.com/yayuyokitano/kitaipu v0.0.0-20220305072638-a58ba5e86008 h1:/vMxojPdNHzz84Y5png7oqNF5TyR+hUN2El6d3FO7xk=
github.com/yayuyokitano/kitaipu v0.0.0-20220305072638-a58ba5e86008/go.mod h1:lEw6ZwSV4VXdMsYmqEIhWWUqZWbAnTfkBwnHVY4bnb0=
